
Microsoft Visual Studio Solution File, Format Version 12.00
# Visual Studio Version 16
VisualStudioVersion = 16.0.29215.179
MinimumVisualStudioVersion = 10.0.40219.1
Project("{FAE04EC0-301F-11D3-BF4B-00C04F79EFBC}") = "TrackerLibrary", "TrackerLibrary\TrackerLibrary.csproj", "{9AE6F6C3-BBF6-479F-B1FA-86337F420CA7}"
EndProject
Project("{FAE04EC0-301F-11D3-BF4B-00C04F79EFBC}") = "TrackerUI", "TrackerUI\TrackerUI.csproj", "{F6BDB1FB-12BA-4271-8416-5A8E3EDCE671}"
EndProject
Global
	GlobalSection(SolutionConfigurationPlatforms) = preSolution
		Debug|Any CPU = Debug|Any CPU
		Release|Any CPU = Release|Any CPU
	EndGlobalSection
	GlobalSection(ProjectConfigurationPlatforms) = postSolution
		{9AE6F6C3-BBF6-479F-B1FA-86337F420CA7}.Debug|Any CPU.ActiveCfg = Debug|Any CPU
		{9AE6F6C3-BBF6-479F-B1FA-86337F420CA7}.Debug|Any CPU.Build.0 = Debug|Any CPU
		{9AE6F6C3-BBF6-479F-B1FA-86337F420CA7}.Release|Any CPU.ActiveCfg = Release|Any CPU
		{9AE6F6C3-BBF6-479F-B1FA-86337F420CA7}.Release|Any CPU.Build.0 = Release|Any CPU
		{F6BDB1FB-12BA-4271-8416-5A8E3EDCE671}.Debug|Any CPU.ActiveCfg = Debug|Any CPU
		{F6BDB1FB-12BA-4271-8416-5A8E3EDCE671}.Debug|Any CPU.Build.0 = Debug|Any CPU
		{F6BDB1FB-12BA-4271-8416-5A8E3EDCE671}.Release|Any CPU.ActiveCfg = Release|Any CPU
		{F6BDB1FB-12BA-4271-8416-5A8E3EDCE671}.Release|Any CPU.Build.0 = Release|Any CPU
	EndGlobalSection
	GlobalSection(SolutionProperties) = preSolution
		HideSolutionNode = FALSE
	EndGlobalSection
	GlobalSection(ExtensibilityGlobals) = postSolution
		SolutionGuid = {0A7A4127-8ACF-405F-89CE-25A71CEA6917}
	EndGlobalSection
EndGlobal
